{
  "name": "email-csv",
  "version": "1.0.0",
  "lockfileVersion": 1,
  "requires": true,
  "dependencies": {
    "bluebird": {
      "version": "3.5.3",
      "resolved": "https://registry.npmjs.org/bluebird/-/bluebird-3.5.3.tgz",
      "integrity": "sha512-/qKPUQlaW1OyR51WeCPBvRnAlnZFUJkCSG5HzGnuIqhgyJtF+T94lFnn33eiazjRm2LAHVy2guNnaq48X9SJuw=="
    },
    "csvtojson": {
      "version": "2.0.8",
      "resolved": "https://registry.npmjs.org/csvtojson/-/csvtojson-2.0.8.tgz",
      "integrity": "sha512-DC6YFtsJiA7t/Yz+KjzT6GXuKtU/5gRbbl7HJqvDVVir+dxdw2/1EgwfgJdnsvUT7lOnON5DvGftKuYWX1nMOQ==",
      "requires": {
        "bluebird": "^3.5.1",
        "lodash": "^4.17.3",
        "strip-bom": "^2.0.0"
      }
    },
    "dotenv": {
      "version": "6.1.0",
      "resolved": "https://registry.npmjs.org/dotenv/-/dotenv-6.1.0.tgz",
      "integrity": "sha512-/veDn2ztgRlB7gKmE3i9f6CmDIyXAy6d5nBq+whO9SLX+Zs1sXEgFLPi+aSuWqUuusMfbi84fT8j34fs1HaYUw=="
    },
    "httpntlm": {
      "version": "1.6.1",
      "resolved": "https://registry.npmjs.org/httpntlm/-/httpntlm-1.6.1.tgz",
      "integrity": "sha1-rQFScUOi6Hc8+uapb1hla7UqNLI=",
      "requires": {
        "httpreq": ">=0.4.22",
        "underscore": "~1.7.0"
      }
    },
    "httpreq": {
      "version": "0.4.24",
      "resolved": "https://registry.npmjs.org/httpreq/-/httpreq-0.4.24.tgz",
      "integrity": "sha1-QzX/2CzZaWaKOUZckprGHWOTYn8="
    },
    "is-utf8": {
      "version": "0.2.1",
      "resolved": "https://registry.npmjs.org/is-utf8/-/is-utf8-0.2.1.tgz",
      "integrity": "sha1-Sw2hRCEE0bM2NA6AeX6GXPOffXI="
    },
    "lodash": {
      "version": "4.17.11",
      "resolved": "https://registry.npmjs.org/lodash/-/lodash-4.17.11.tgz",
      "integrity": "sha512-cQKh8igo5QUhZ7lg38DYWAxMvjSAKG0A8wGSVimP07SIUEK2UO+arSRKbRZWtelMtN5V0Hkwh5ryOto/SshYIg=="
    },
    "nodemailer": {
      "version": "4.7.0",
      "resolved": "https://registry.npmjs.org/nodemailer/-/nodemailer-4.7.0.tgz",
      "integrity": "sha512-IludxDypFpYw4xpzKdMAozBSkzKHmNBvGanUREjJItgJ2NYcK/s8+PggVhj7c2yGFQykKsnnmv1+Aqo0ZfjHmw=="
    },
    "nodemailer-fetch": {
      "version": "1.6.0",
      "resolved": "https://registry.npmjs.org/nodemailer-fetch/-/nodemailer-fetch-1.6.0.tgz",
      "integrity": "sha1-ecSQihwPXzdbc/6IjamCj23JY6Q="
    },
    "nodemailer-shared": {
      "version": "1.1.0",
      "resolved": "https://registry.npmjs.org/nodemailer-shared/-/nodemailer-shared-1.1.0.tgz",
      "integrity": "sha1-z1mU4v0mjQD1zw+nZ6CBae2wfsA=",
      "requires": {
        "nodemailer-fetch": "1.6.0"
      }
    },
    "nodemailer-smtp-transport": {
      "version": "2.7.4",
      "resolved": "https://registry.npmjs.org/nodemailer-smtp-transport/-/nodemailer-smtp-transport-2.7.4.tgz",
      "integrity": "sha1-DYmvAZoUSkgP2OzJmZfZ+DjxNoU=",
      "requires": {
        "nodemailer-shared": "1.1.0",
        "nodemailer-wellknown": "0.1.10",
        "smtp-connection": "2.12.0"
      }
    },
    "nodemailer-wellknown": {
      "version": "0.1.10",
      "resolved": "https://registry.npmjs.org/nodemailer-wellknown/-/nodemailer-wellknown-0.1.10.tgz",
      "integrity": "sha1-WG24EB2zDLRDjrVGc3pBqtDPE9U="
    },
    "smtp-connection": {
      "version": "2.12.0",
      "resolved": "https://registry.npmjs.org/smtp-connection/-/smtp-connection-2.12.0.tgz",
      "integrity": "sha1-1275EnyyPCJZ7bHoNJwujV4tdME=",
      "requires": {
        "httpntlm": "1.6.1",
        "nodemailer-shared": "1.1.0"
      }
    },
    "strip-bom": {
      "version": "2.0.0",
      "resolved": "https://registry.npmjs.org/strip-bom/-/strip-bom-2.0.0.tgz",
      "integrity": "sha1-YhmoVhZSBJHzV4i9vxRHqZx+aw4=",
      "requires": {
        "is-utf8": "^0.2.0"
      }
    },
    "underscore": {
      "version": "1.7.0",
      "resolved": "https://registry.npmjs.org/underscore/-/underscore-1.7.0.tgz",
      "integrity": "sha1-a7rwh3UA02vjTsqlhODbn+8DUgk="
    }
  }
}
